// !$*UTF8*$!
{
	archiveVersion = 1;
	classes = {
	};
	objectVersion = 46;
	objects = {

/* Begin PBXBuildFile section */
		43402AC41DA4B95B004C007D /* KristineReedProj04.cpp in Sources */ = {isa = PBXBuildFile; fileRef = 43402AC31DA4B95B004C007D /* KristineReedProj04.cpp */; };
/* End PBXBuildFile section */

/* Begin PBXCopyFilesBuildPhase section */
		43402ABE1DA4B95B004C007D /* CopyFiles */ = {
			isa = PBXCopyFilesBuildPhase;
			buildActionMask = 2147483647;
			dstPath = /usr/share/man/man1/;
			dstSubfolderSpec = 0;
			files = (
			);
			runOnlyForDeploymentPostprocessing = 1;
		};
/* End PBXCopyFilesBuildPhase section */

/* Begin PBXFileReference section */
		43402AC01DA4B95B004C007D /* KristineReedProj04 */ = {isa = PBXFileReference; explicitFileType = "compiled.mach-o.executable"; includeInIndex = 0; name = KristineReedProj04; path = "/Users/kristinereed/Library/Mobile Documents/com~apple~CloudDocs/FHSU-Fall-16/CSII-Fall16/KristineReedProj04/build/Debug/KristineReedProj04"; sourceTree = "<absolute>"; };
		43402AC31DA4B95B004C007D /* KristineReedProj04.cpp */ = {isa = PBXFileReference; lastKnownFileType = sourcecode.cpp.cpp; path = KristineReedProj04.cpp; sourceTree = "<group>"; };
		43D4C6E51DA7341E00DD8DBB /* Money.h */ = {isa = PBXFileReference; lastKnownFileType = sourcecode.c.h; path = Money.h; sourceTree = "<group>"; };
		43D4C6E61DA7347400DD8DBB /* Money.cpp */ = {isa = PBXFileReference; lastKnownFileType = sourcecode.cpp.cpp; path = Money.cpp; sourceTree = "<group>"; };
/* End PBXFileReference section */

/* Begin PBXFrameworksBuildPhase section */
		43402ABD1DA4B95B004C007D /* Frameworks */ = {
			isa = PBXFrameworksBuildPhase;
			buildActionMask = 2147483647;
			files = (
			);
			runOnlyForDeploymentPostprocessing = 0;
		};
/* End PBXFrameworksBuildPhase section */

/* Begin PBXGroup section */
		43402AB71DA4B95B004C007D = {
			isa = PBXGroup;
			children = (
				43402AC21DA4B95B004C007D /* KristineReedProj04 */,
			);
			sourceTree = "<group>";
		};
		43402AC21DA4B95B004C007D /* KristineReedProj04 */ = {
			isa = PBXGroup;
			children = (
				43402AC31DA4B95B004C007D /* KristineReedProj04.cpp */,
				43D4C6E51DA7341E00DD8DBB /* Money.h */,
				43D4C6E61DA7347400DD8DBB /* Money.cpp */,
			);
			path = KristineReedProj04;
			sourceTree = "<group>";
		};
/* End PBXGroup section */

/* Begin PBXNativeTarget section */
		43402ABF1DA4B95B004C007D /* KristineReedProj04 */ = {
			isa = PBXNativeTarget;
			buildConfigurationList = 43402AC71DA4B95B004C007D /* Build configuration list for PBXNativeTarget "KristineReedProj04" */;
			buildPhases = (
				43402ABC1DA4B95B004C007D /* Sources */,
				43402ABD1DA4B95B004C007D /* Frameworks */,
				43402ABE1DA4B95B004C007D /* CopyFiles */,
			);
			buildRules = (
			);
			dependencies = (
			);
			name = KristineReedProj04;
			productName = KristineReedProj04;
			productReference = 43402AC01DA4B95B004C007D /* KristineReedProj04 */;
			productType = "com.apple.product-type.tool";
		};
/* End PBXNativeTarget section */

/* Begin PBXProject section */
		43402AB81DA4B95B004C007D /* Project object */ = {
			isa = PBXProject;
			attributes = {
				LastUpgradeCheck = 0730;
				ORGANIZATIONNAME = "Kristine Reed";
				TargetAttributes = {
					43402ABF1DA4B95B004C007D = {
						CreatedOnToolsVersion = 7.3.1;
					};
				};
			};
			buildConfigurationList = 43402ABB1DA4B95B004C007D /* Build configuration list for PBXProject "KristineReedProj04" */;
			compatibilityVersion = "Xcode 3.2";
			developmentRegion = English;
			hasScannedForEncodings = 0;
			knownRegions = (
				en,
			);
			mainGroup = 43402AB71DA4B95B004C007D;
			productRefGroup = 43402AB71DA4B95B004C007D;
			projectDirPath = "";
			projectRoot = "";
			targets = (
				43402ABF1DA4B95B004C007D /* KristineReedProj04 */,
			);
		};
/* End PBXProject section */

/* Begin PBXSourcesBuildPhase section */
		43402ABC1DA4B95B004C007D /* Sources */ = {
			isa = PBXSourcesBuildPhase;
			buildActionMask = 2147483647;
			files = (
				43402AC41DA4B95B004C007D /* KristineReedProj04.cpp in Sources */,
			);
			runOnlyForDeploymentPostprocessing = 0;
		};
/* End PBXSourcesBuildPhase section */

/* Begin XCBuildConfiguration section */
		43402AC51DA4B95B004C007D /* Debug */ = {
			isa = XCBuildConfiguration;
			buildSettings = {
				ALWAYS_SEARCH_USER_PATHS = NO;
				CLANG_ANALYZER_NONNULL = YES;
				CLANG_CXX_LANGUAGE_STANDARD = "gnu++0x";
				CLANG_CXX_LIBRARY = "libc++";
				CLANG_ENABLE_MODULES = YES;
				CLANG_ENABLE_OBJC_ARC = YES;
				CLANG_WARN_BOOL_CONVERSION = YES;
				CLANG_WARN_CONSTANT_CONVERSION = YES;
				CLANG_WARN_DIRECT_OBJC_ISA_USAGE = YES_ERROR;
				CLANG_WARN_EMPTY_BODY = YES;
				CLANG_WARN_ENUM_CONVERSION = YES;
				CLANG_WARN_INT_CONVERSION = YES;
				CLANG_WARN_OBJC_ROOT_CLASS = YES_ERROR;
				CLANG_WARN_UNREACHABLE_CODE = YES;
				CLANG_WARN__DUPLICATE_METHOD_MATCH = YES;
				CODE_SIGN_IDENTITY = "-";
				COPY_PHASE_STRIP = NO;
				DEBUG_INFORMATION_FORMAT = dwarf;
				ENABLE_STRICT_OBJC_MSGSEND = YES;
				ENABLE_TESTABILITY = YES;
				GCC_C_LANGUAGE_STANDARD = gnu99;
				GCC_DYNAMIC_NO_PIC = NO;
				GCC_NO_COMMON_BLOCKS = YES;
				GCC_OPTIMIZATION_LEVEL = 0;
				GCC_PREPROCESSOR_DEFINITIONS = (
					"DEBUG=1",
					"$(inherited)",
				);
				GCC_WARN_64_TO_32_BIT_CONVERSION = YES;
				GCC_WARN_ABOUT_RETURN_TYPE = YES_ERROR;
				GCC_WARN_UNDECLARED_SELECTOR = YES;
				GCC_WARN_UNINITIALIZED_AUTOS = YES_AGGRESSIVE;
				GCC_WARN_UNUSED_FUNCTION = YES;
				GCC_WARN_UNUSED_VARIABLE = YES;
				MACOSX_DEPLOYMENT_TARGET = 10.11;
				MTL_ENABLE_DEBUG_INFO = YES;
				ONLY_ACTIVE_ARCH = YES;
				SDKROOT = macosx;
			};
			name = Debug;
		};
		43402AC61DA4B95B004C007D /* Release */ = {
			isa = XCBuildConfiguration;
			buildSettings = {
				ALWAYS_SEARCH_USER_PATHS = NO;
				CLANG_ANALYZER_NONNULL = YES;
				CLANG_CXX_LANGUAGE_STANDARD = "gnu++0x";
				CLANG_CXX_LIBRARY = "libc++";
				CLANG_ENABLE_MODULES = YES;
				CLANG_ENABLE_OBJC_ARC = YES;
				CLANG_WARN_BOOL_CONVERSION = YES;
				CLANG_WARN_CONSTANT_CONVERSION = YES;
				CLANG_WARN_DIRECT_OBJC_ISA_USAGE = YES_ERROR;
				CLANG_WARN_EMPTY_BODY = YES;
				CLANG_WARN_ENUM_CONVERSION = YES;
				CLANG_WARN_INT_CONVERSION = YES;
				CLANG_WARN_OBJC_ROOT_CLASS = YES_ERROR;
				CLANG_WARN_UNREACHABLE_CODE = YES;
				CLANG_WARN__DUPLICATE_METHOD_MATCH = YES;
				CODE_SIGN_IDENTITY = "-";
				COPY_PHASE_STRIP = NO;
				DEBUG_INFORMATION_FORMAT = "dwarf-with-dsym";
				ENABLE_NS_ASSERTIONS = NO;
				ENABLE_STRICT_OBJC_MSGSEND = YES;
				GCC_C_LANGUAGE_STANDARD = gnu99;
				GCC_NO_COMMON_BLOCKS = YES;
				GCC_WARN_64_TO_32_BIT_CONVERSION = YES;
				GCC_WARN_ABOUT_RETURN_TYPE = YES_ERROR;
				GCC_WARN_UNDECLARED_SELECTOR = YES;
				GCC_WARN_UNINITIALIZED_AUTOS = YES_AGGRESSIVE;
				GCC_WARN_UNUSED_FUNCTION = YES;
				GCC_WARN_UNUSED_VARIABLE = YES;
				MACOSX_DEPLOYMENT_TARGET = 10.11;
				MTL_ENABLE_DEBUG_INFO = NO;
				SDKROOT = macosx;
			};
			name = Release;
		};
		43402AC81DA4B95B004C007D /* Debug */ = {
			isa = XCBuildConfiguration;
			buildSettings = {
				PRODUCT_NAME = "$(TARGET_NAME)";
			};
			name = Debug;
		};
		43402AC91DA4B95B004C007D /* Release */ = {
			isa = XCBuildConfiguration;
			buildSettings = {
				PRODUCT_NAME = "$(TARGET_NAME)";
			};
			name = Release;
		};
/* End XCBuildConfiguration section */

/* Begin XCConfigurationList section */
		43402ABB1DA4B95B004C007D /* Build configuration list for PBXProject "KristineReedProj04" */ = {
			isa = XCConfigurationList;
			buildConfigurations = (
				43402AC51DA4B95B004C007D /* Debug */,
				43402AC61DA4B95B004C007D /* Release */,
			);
			defaultConfigurationIsVisible = 0;
			defaultConfigurationName = Release;
		};
		43402AC71DA4B95B004C007D /* Build configuration list for PBXNativeTarget "KristineReedProj04" */ = {
			isa = XCConfigurationList;
			buildConfigurations = (
				43402AC81DA4B95B004C007D /* Debug */,
				43402AC91DA4B95B004C007D /* Release */,
			);
			defaultConfigurationIsVisible = 0;
			defaultConfigurationName = Release;
		};
/* End XCConfigurationList section */
	};
	rootObject = 43402AB81DA4B95B004C007D /* Project object */;
}
