// !$*UTF8*$!
{
	archiveVersion = 1;
	classes = {
	};
	objectVersion = 46;
	objects = {

/* Begin PBXBuildFile section */
		43EC65F51E85FDD9004DDABD /* enzyme.c in Sources */ = {isa = PBXBuildFile; fileRef = 43EC65F41E85FDD9004DDABD /* enzyme.c */; };
		43EC65F91E85FE58004DDABD /* testrunner.c in Sources */ = {isa = PBXBuildFile; fileRef = 43EC65F71E85FE58004DDABD /* testrunner.c */; };
/* End PBXBuildFile section */

/* Begin PBXCopyFilesBuildPhase section */
		43EC65E81E85FD80004DDABD /* CopyFiles */ = {
			isa = PBXCopyFilesBuildPhase;
			buildActionMask = 2147483647;
			dstPath = /usr/share/man/man1/;
			dstSubfolderSpec = 0;
			files = (
			);
			runOnlyForDeploymentPostprocessing = 1;
		};
/* End PBXCopyFilesBuildPhase section */

/* Begin PBXFileReference section */
		43EC65EA1E85FD80004DDABD /* Enzyme */ = {isa = PBXFileReference; explicitFileType = "compiled.mach-o.executable"; includeInIndex = 0; path = Enzyme; sourceTree = BUILT_PRODUCTS_DIR; };
		43EC65F41E85FDD9004DDABD /* enzyme.c */ = {isa = PBXFileReference; fileEncoding = 4; lastKnownFileType = sourcecode.c.c; name = enzyme.c; path = ../../../enzyme.c; sourceTree = "<group>"; };
		43EC65F61E85FE45004DDABD /* enzyme.h */ = {isa = PBXFileReference; fileEncoding = 4; lastKnownFileType = sourcecode.c.h; name = enzyme.h; path = ../../../enzyme.h; sourceTree = "<group>"; };
		43EC65F71E85FE58004DDABD /* testrunner.c */ = {isa = PBXFileReference; fileEncoding = 4; lastKnownFileType = sourcecode.c.c; name = testrunner.c; path = ../../../testrunner.c; sourceTree = "<group>"; };
		43EC65F81E85FE58004DDABD /* testrunner.h */ = {isa = PBXFileReference; fileEncoding = 4; lastKnownFileType = sourcecode.c.h; name = testrunner.h; path = ../../../testrunner.h; sourceTree = "<group>"; };
/* End PBXFileReference section */

/* Begin PBXFrameworksBuildPhase section */
		43EC65E71E85FD80004DDABD /* Frameworks */ = {
			isa = PBXFrameworksBuildPhase;
			buildActionMask = 2147483647;
			files = (
			);
			runOnlyForDeploymentPostprocessing = 0;
		};
/* End PBXFrameworksBuildPhase section */

/* Begin PBXGroup section */
		43EC65E11E85FD80004DDABD = {
			isa = PBXGroup;
			children = (
				43EC65EC1E85FD80004DDABD /* Enzyme */,
				43EC65EB1E85FD80004DDABD /* Products */,
			);
			sourceTree = "<group>";
		};
		43EC65EB1E85FD80004DDABD /* Products */ = {
			isa = PBXGroup;
			children = (
				43EC65EA1E85FD80004DDABD /* Enzyme */,
			);
			name = Products;
			sourceTree = "<group>";
		};
		43EC65EC1E85FD80004DDABD /* Enzyme */ = {
			isa = PBXGroup;
			children = (
				43EC65F41E85FDD9004DDABD /* enzyme.c */,
				43EC65F71E85FE58004DDABD /* testrunner.c */,
				43EC65F81E85FE58004DDABD /* testrunner.h */,
				43EC65F61E85FE45004DDABD /* enzyme.h */,
			);
			path = Enzyme;
			sourceTree = "<group>";
		};
/* End PBXGroup section */

/* Begin PBXNativeTarget section */
		43EC65E91E85FD80004DDABD /* Enzyme */ = {
			isa = PBXNativeTarget;
			buildConfigurationList = 43EC65F11E85FD80004DDABD /* Build configuration list for PBXNativeTarget "Enzyme" */;
			buildPhases = (
				43EC65E61E85FD80004DDABD /* Sources */,
				43EC65E71E85FD80004DDABD /* Frameworks */,
				43EC65E81E85FD80004DDABD /* CopyFiles */,
			);
			buildRules = (
			);
			dependencies = (
			);
			name = Enzyme;
			productName = Enzyme;
			productReference = 43EC65EA1E85FD80004DDABD /* Enzyme */;
			productType = "com.apple.product-type.tool";
		};
/* End PBXNativeTarget section */

/* Begin PBXProject section */
		43EC65E21E85FD80004DDABD /* Project object */ = {
			isa = PBXProject;
			attributes = {
				LastUpgradeCheck = 0820;
				ORGANIZATIONNAME = "Kristine Reed";
				TargetAttributes = {
					43EC65E91E85FD80004DDABD = {
						CreatedOnToolsVersion = 8.2.1;
						ProvisioningStyle = Automatic;
					};
				};
			};
			buildConfigurationList = 43EC65E51E85FD80004DDABD /* Build configuration list for PBXProject "Enzyme" */;
			compatibilityVersion = "Xcode 3.2";
			developmentRegion = English;
			hasScannedForEncodings = 0;
			knownRegions = (
				en,
			);
			mainGroup = 43EC65E11E85FD80004DDABD;
			productRefGroup = 43EC65EB1E85FD80004DDABD /* Products */;
			projectDirPath = "";
			projectRoot = "";
			targets = (
				43EC65E91E85FD80004DDABD /* Enzyme */,
			);
		};
/* End PBXProject section */

/* Begin PBXSourcesBuildPhase section */
		43EC65E61E85FD80004DDABD /* Sources */ = {
			isa = PBXSourcesBuildPhase;
			buildActionMask = 2147483647;
			files = (
				43EC65F51E85FDD9004DDABD /* enzyme.c in Sources */,
				43EC65F91E85FE58004DDABD /* testrunner.c in Sources */,
			);
			runOnlyForDeploymentPostprocessing = 0;
		};
/* End PBXSourcesBuildPhase section */

/* Begin XCBuildConfiguration section */
		43EC65EF1E85FD80004DDABD /* Debug */ = {
			isa = XCBuildConfiguration;
			buildSettings = {
				ALWAYS_SEARCH_USER_PATHS = NO;
				CLANG_ANALYZER_NONNULL = YES;
				CLANG_CXX_LANGUAGE_STANDARD = "gnu++0x";
				CLANG_CXX_LIBRARY = "libc++";
				CLANG_ENABLE_MODULES = YES;
				CLANG_ENABLE_OBJC_ARC = YES;
				CLANG_WARN_BOOL_CONVERSION = YES;
				CLANG_WARN_CONSTANT_CONVERSION = YES;
				CLANG_WARN_DIRECT_OBJC_ISA_USAGE = YES_ERROR;
				CLANG_WARN_DOCUMENTATION_COMMENTS = YES;
				CLANG_WARN_EMPTY_BODY = YES;
				CLANG_WARN_ENUM_CONVERSION = YES;
				CLANG_WARN_INFINITE_RECURSION = YES;
				CLANG_WARN_INT_CONVERSION = YES;
				CLANG_WARN_OBJC_ROOT_CLASS = YES_ERROR;
				CLANG_WARN_SUSPICIOUS_MOVE = YES;
				CLANG_WARN_UNREACHABLE_CODE = YES;
				CLANG_WARN__DUPLICATE_METHOD_MATCH = YES;
				CODE_SIGN_IDENTITY = "-";
				COPY_PHASE_STRIP = NO;
				DEBUG_INFORMATION_FORMAT = dwarf;
				ENABLE_STRICT_OBJC_MSGSEND = YES;
				ENABLE_TESTABILITY = YES;
				GCC_C_LANGUAGE_STANDARD = gnu99;
				GCC_DYNAMIC_NO_PIC = NO;
				GCC_NO_COMMON_BLOCKS = YES;
				GCC_OPTIMIZATION_LEVEL = 0;
				GCC_PREPROCESSOR_DEFINITIONS = (
					"DEBUG=1",
					"$(inherited)",
				);
				GCC_WARN_64_TO_32_BIT_CONVERSION = YES;
				GCC_WARN_ABOUT_RETURN_TYPE = YES_ERROR;
				GCC_WARN_UNDECLARED_SELECTOR = YES;
				GCC_WARN_UNINITIALIZED_AUTOS = YES_AGGRESSIVE;
				GCC_WARN_UNUSED_FUNCTION = YES;
				GCC_WARN_UNUSED_VARIABLE = YES;
				MACOSX_DEPLOYMENT_TARGET = 10.11;
				MTL_ENABLE_DEBUG_INFO = YES;
				ONLY_ACTIVE_ARCH = YES;
				SDKROOT = macosx;
			};
			name = Debug;
		};
		43EC65F01E85FD80004DDABD /* Release */ = {
			isa = XCBuildConfiguration;
			buildSettings = {
				ALWAYS_SEARCH_USER_PATHS = NO;
				CLANG_ANALYZER_NONNULL = YES;
				CLANG_CXX_LANGUAGE_STANDARD = "gnu++0x";
				CLANG_CXX_LIBRARY = "libc++";
				CLANG_ENABLE_MODULES = YES;
				CLANG_ENABLE_OBJC_ARC = YES;
				CLANG_WARN_BOOL_CONVERSION = YES;
				CLANG_WARN_CONSTANT_CONVERSION = YES;
				CLANG_WARN_DIRECT_OBJC_ISA_USAGE = YES_ERROR;
				CLANG_WARN_DOCUMENTATION_COMMENTS = YES;
				CLANG_WARN_EMPTY_BODY = YES;
				CLANG_WARN_ENUM_CONVERSION = YES;
				CLANG_WARN_INFINITE_RECURSION = YES;
				CLANG_WARN_INT_CONVERSION = YES;
				CLANG_WARN_OBJC_ROOT_CLASS = YES_ERROR;
				CLANG_WARN_SUSPICIOUS_MOVE = YES;
				CLANG_WARN_UNREACHABLE_CODE = YES;
				CLANG_WARN__DUPLICATE_METHOD_MATCH = YES;
				CODE_SIGN_IDENTITY = "-";
				COPY_PHASE_STRIP = NO;
				DEBUG_INFORMATION_FORMAT = "dwarf-with-dsym";
				ENABLE_NS_ASSERTIONS = NO;
				ENABLE_STRICT_OBJC_MSGSEND = YES;
				GCC_C_LANGUAGE_STANDARD = gnu99;
				GCC_NO_COMMON_BLOCKS = YES;
				GCC_WARN_64_TO_32_BIT_CONVERSION = YES;
				GCC_WARN_ABOUT_RETURN_TYPE = YES_ERROR;
				GCC_WARN_UNDECLARED_SELECTOR = YES;
				GCC_WARN_UNINITIALIZED_AUTOS = YES_AGGRESSIVE;
				GCC_WARN_UNUSED_FUNCTION = YES;
				GCC_WARN_UNUSED_VARIABLE = YES;
				MACOSX_DEPLOYMENT_TARGET = 10.11;
				MTL_ENABLE_DEBUG_INFO = NO;
				SDKROOT = macosx;
			};
			name = Release;
		};
		43EC65F21E85FD80004DDABD /* Debug */ = {
			isa = XCBuildConfiguration;
			buildSettings = {
				PRODUCT_NAME = "$(TARGET_NAME)";
			};
			name = Debug;
		};
		43EC65F31E85FD80004DDABD /* Release */ = {
			isa = XCBuildConfiguration;
			buildSettings = {
				PRODUCT_NAME = "$(TARGET_NAME)";
			};
			name = Release;
		};
/* End XCBuildConfiguration section */

/* Begin XCConfigurationList section */
		43EC65E51E85FD80004DDABD /* Build configuration list for PBXProject "Enzyme" */ = {
			isa = XCConfigurationList;
			buildConfigurations = (
				43EC65EF1E85FD80004DDABD /* Debug */,
				43EC65F01E85FD80004DDABD /* Release */,
			);
			defaultConfigurationIsVisible = 0;
			defaultConfigurationName = Release;
		};
		43EC65F11E85FD80004DDABD /* Build configuration list for PBXNativeTarget "Enzyme" */ = {
			isa = XCConfigurationList;
			buildConfigurations = (
				43EC65F21E85FD80004DDABD /* Debug */,
				43EC65F31E85FD80004DDABD /* Release */,
			);
			defaultConfigurationIsVisible = 0;
		};
/* End XCConfigurationList section */
	};
	rootObject = 43EC65E21E85FD80004DDABD /* Project object */;
}
